
Microsoft Visual Studio Solution File, Format Version 12.00
# Visual Studio Version 17
VisualStudioVersion = 17.8.34330.188
MinimumVisualStudioVersion = 10.0.40219.1
Project("{9A19103F-16F7-4668-BE54-9A1E7A4F7556}") = "CrossSpeak", "CrossSpeak\CrossSpeak.csproj", "{07B3979C-037F-434B-A28F-77D95D626CE8}"
EndProject
Project("{FAE04EC0-301F-11D3-BF4B-00C04F79EFBC}") = "TestApp", "TestApp\TestApp.csproj", "{14153D34-75BD-4035-B0AD-BB42AED4DCDE}"
EndProject
Global
	GlobalSection(SolutionConfigurationPlatforms) = preSolution
		Debug|Any CPU = Debug|Any CPU
		Release|Any CPU = Release|Any CPU
	EndGlobalSection
	GlobalSection(ProjectConfigurationPlatforms) = postSolution
		{07B3979C-037F-434B-A28F-77D95D626CE8}.Debug|Any CPU.ActiveCfg = Debug|Any CPU
		{07B3979C-037F-434B-A28F-77D95D626CE8}.Debug|Any CPU.Build.0 = Debug|Any CPU
		{07B3979C-037F-434B-A28F-77D95D626CE8}.Release|Any CPU.ActiveCfg = Release|Any CPU
		{07B3979C-037F-434B-A28F-77D95D626CE8}.Release|Any CPU.Build.0 = Release|Any CPU
		{14153D34-75BD-4035-B0AD-BB42AED4DCDE}.Debug|Any CPU.ActiveCfg = Debug|Any CPU
		{14153D34-75BD-4035-B0AD-BB42AED4DCDE}.Debug|Any CPU.Build.0 = Debug|Any CPU
		{14153D34-75BD-4035-B0AD-BB42AED4DCDE}.Release|Any CPU.ActiveCfg = Release|Any CPU
		{14153D34-75BD-4035-B0AD-BB42AED4DCDE}.Release|Any CPU.Build.0 = Release|Any CPU
	EndGlobalSection
	GlobalSection(SolutionProperties) = preSolution
		HideSolutionNode = FALSE
	EndGlobalSection
	GlobalSection(ExtensibilityGlobals) = postSolution
		SolutionGuid = {BE3FC640-48CC-4C37-98EB-148DA950B3EC}
	EndGlobalSection
EndGlobal
